
Microsoft Visual Studio Solution File, Format Version 12.00
# Visual Studio Version 17
VisualStudioVersion = 17.6.33815.320
MinimumVisualStudioVersion = 10.0.40219.1
Project("{FAE04EC0-301F-11D3-BF4B-00C04F79EFBC}") = "DataHub", "DataHub\DataHub.csproj", "{A36ACFF1-C399-4F23-A961-B622BCBFA375}"
EndProject
Global
	GlobalSection(SolutionConfigurationPlatforms) = preSolution
		Debug|Any CPU = Debug|Any CPU
		Release|Any CPU = Release|Any CPU
	EndGlobalSection
	GlobalSection(ProjectConfigurationPlatforms) = postSolution
		{A36ACFF1-C399-4F23-A961-B622BCBFA375}.Debug|Any CPU.ActiveCfg = Debug|Any CPU
		{A36ACFF1-C399-4F23-A961-B622BCBFA375}.Debug|Any CPU.Build.0 = Debug|Any CPU
		{A36ACFF1-C399-4F23-A961-B622BCBFA375}.Release|Any CPU.ActiveCfg = Release|Any CPU
		{A36ACFF1-C399-4F23-A961-B622BCBFA375}.Release|Any CPU.Build.0 = Release|Any CPU
	EndGlobalSection
	GlobalSection(SolutionProperties) = preSolution
		HideSolutionNode = FALSE
	EndGlobalSection
	GlobalSection(ExtensibilityGlobals) = postSolution
		SolutionGuid = {331F7563-D536-4FA4-B77A-887BA598BB77}
	EndGlobalSection
EndGlobal
